# This file is autogenerated, do not edit; changes may be undone by the next 'dep ensure'.


[[projects]]
  branch = "master"
  name = "github.com/BPing/go-toolkit"
  packages = [
    "http-client/core",
    "http-client/hook"
  ]
  revision = "da45c0250b01a3fc7aaf73a03af646c65e216227"

[solve-meta]
  analyzer-name = "dep"
  analyzer-version = 1
  inputs-digest = "857d88dee8a29e9c73c0c53d1dad929ff35c9ece0c43ab176f33d75f1c36a099"
  solver-name = "gps-cdcl"
  solver-version = 1
